// !$*UTF8*$!
{
	archiveVersion = 1;
	classes = {
	};
	objectVersion = 55;
	objects = {

/* Begin PBXBuildFile section */
		4E0BB91928909A900037CC01 /* InterceptRequest.m in Sources */ = {isa = PBXBuildFile; fileRef = 4E0BB91828909A900037CC01 /* InterceptRequest.m */; };
		4E0BB91F2891F4FC0037CC01 /* Interception.m in Sources */ = {isa = PBXBuildFile; fileRef = 4E0BB91E2891F4FC0037CC01 /* Interception.m */; };
		4E0BB925289462650037CC01 /* Utils.m in Sources */ = {isa = PBXBuildFile; fileRef = 4E0BB924289462650037CC01 /* Utils.m */; };
		4E3483E5287EB0EE0032C796 /* QueryManager.m in Sources */ = {isa = PBXBuildFile; fileRef = 4E3483E4287EB0EE0032C796 /* QueryManager.m */; };
		4E3483EC287F42430032C796 /* FindMatesViewController.m in Sources */ = {isa = PBXBuildFile; fileRef = 4E3483EB287F42430032C796 /* FindMatesViewController.m */; };
		4E560D26287DE9C00048BF37 /* GoogleService-Info.plist in Resources */ = {isa = PBXBuildFile; fileRef = 4E560D25287DE9C00048BF37 /* GoogleService-Info.plist */; };
		4E5831F7287F7CB7006D9982 /* FriendRequest.m in Sources */ = {isa = PBXBuildFile; fileRef = 4E5831F6287F7CB7006D9982 /* FriendRequest.m */; };
		4E5831FA287FA565006D9982 /* RunCell.m in Sources */ = {isa = PBXBuildFile; fileRef = 4E5831F9287FA565006D9982 /* RunCell.m */; };
		4E64D18E287E1151007A87A1 /* Run.m in Sources */ = {isa = PBXBuildFile; fileRef = 4E64D18D287E1151007A87A1 /* Run.m */; };
		4E64D191287E21F8007A87A1 /* User.m in Sources */ = {isa = PBXBuildFile; fileRef = 4E64D190287E21F8007A87A1 /* User.m */; };
		4E701DF7287606DF00DD375B /* MatesViewController.m in Sources */ = {isa = PBXBuildFile; fileRef = 4E701DF6287606DF00DD375B /* MatesViewController.m */; };
		4E701DFA2876084800DD375B /* MateCell.m in Sources */ = {isa = PBXBuildFile; fileRef = 4E701DF92876084800DD375B /* MateCell.m */; };
		4E701DFD28768D0900DD375B /* MapViewController.m in Sources */ = {isa = PBXBuildFile; fileRef = 4E701DFC28768D0900DD375B /* MapViewController.m */; };
		4E7363CD2886132D00CE65AE /* MateDetailViewController.m in Sources */ = {isa = PBXBuildFile; fileRef = 4E7363CC2886132D00CE65AE /* MateDetailViewController.m */; };
		4EA6A7C32889C02D001AB835 /* RunnerAnnotation.m in Sources */ = {isa = PBXBuildFile; fileRef = 4EA6A7C22889C02D001AB835 /* RunnerAnnotation.m */; };
		4EAAB54D286E6D960093B30B /* LoginViewController.m in Sources */ = {isa = PBXBuildFile; fileRef = 4EAAB54C286E6D960093B30B /* LoginViewController.m */; };
		4EAAB550286E6DBB0093B30B /* HomeViewController.m in Sources */ = {isa = PBXBuildFile; fileRef = 4EAAB54F286E6DBB0093B30B /* HomeViewController.m */; };
		4EAAB553286E6DE00093B30B /* RegisterViewController.m in Sources */ = {isa = PBXBuildFile; fileRef = 4EAAB552286E6DE00093B30B /* RegisterViewController.m */; };
		4EAAB555287001CE0093B30B /* MapKit.framework in Frameworks */ = {isa = PBXBuildFile; fileRef = 4EAAB554287001CE0093B30B /* MapKit.framework */; };
		4EAAB558287002C60093B30B /* ProfileViewController.m in Sources */ = {isa = PBXBuildFile; fileRef = 4EAAB557287002C60093B30B /* ProfileViewController.m */; };
		4EB1C50E2874F7EB00A61A10 /* CoreLocation.framework in Frameworks */ = {isa = PBXBuildFile; fileRef = 4EB1C50D2874F7EB00A61A10 /* CoreLocation.framework */; };
		4ECC3773287DDE4200708C8E /* keys.plist in Resources */ = {isa = PBXBuildFile; fileRef = 4ECC3772287DDE4200708C8E /* keys.plist */; };
		4ED63CB1289B1B880010FE9D /* RerunViewController.m in Sources */ = {isa = PBXBuildFile; fileRef = 4ED63CB0289B1B880010FE9D /* RerunViewController.m */; };
		4ED63CB4289B1E2B0010FE9D /* RerunCell.m in Sources */ = {isa = PBXBuildFile; fileRef = 4ED63CB3289B1E2B0010FE9D /* RerunCell.m */; };
		4EE182E72888AED9001A60DD /* Interceptor.m in Sources */ = {isa = PBXBuildFile; fileRef = 4EE182E62888AED9001A60DD /* Interceptor.m */; };
		4EE674C22866D6C800A93C15 /* AppDelegate.m in Sources */ = {isa = PBXBuildFile; fileRef = 4EE674C12866D6C800A93C15 /* AppDelegate.m */; };
		4EE674C52866D6C800A93C15 /* SceneDelegate.m in Sources */ = {isa = PBXBuildFile; fileRef = 4EE674C42866D6C800A93C15 /* SceneDelegate.m */; };
		4EE674C82866D6C800A93C15 /* ViewController.m in Sources */ = {isa = PBXBuildFile; fileRef = 4EE674C72866D6C800A93C15 /* ViewController.m */; };
		4EE674CB2866D6C800A93C15 /* Main.storyboard in Resources */ = {isa = PBXBuildFile; fileRef = 4EE674C92866D6C800A93C15 /* Main.storyboard */; };
		4EE674CD2866D6C900A93C15 /* Assets.xcassets in Resources */ = {isa = PBXBuildFile; fileRef = 4EE674CC2866D6C900A93C15 /* Assets.xcassets */; };
		4EE674D02866D6C900A93C15 /* LaunchScreen.storyboard in Resources */ = {isa = PBXBuildFile; fileRef = 4EE674CE2866D6C900A93C15 /* LaunchScreen.storyboard */; };
		4EE674D32866D6C900A93C15 /* main.m in Sources */ = {isa = PBXBuildFile; fileRef = 4EE674D22866D6C900A93C15 /* main.m */; };
		4EE674DD2866D6C900A93C15 /* TrailBlazeTests.m in Sources */ = {isa = PBXBuildFile; fileRef = 4EE674DC2866D6C900A93C15 /* TrailBlazeTests.m */; };
		4EE674E72866D6C900A93C15 /* TrailBlazeUITests.m in Sources */ = {isa = PBXBuildFile; fileRef = 4EE674E62866D6C900A93C15 /* TrailBlazeUITests.m */; };
		4EE674E92866D6C900A93C15 /* TrailBlazeUITestsLaunchTests.m in Sources */ = {isa = PBXBuildFile; fileRef = 4EE674E82866D6C900A93C15 /* TrailBlazeUITestsLaunchTests.m */; };
		4EFE7BC1289858E400DBBA56 /* PaceImprovementTracker.m in Sources */ = {isa = PBXBuildFile; fileRef = 4EFE7BC0289858E400DBBA56 /* PaceImprovementTracker.m */; };
		5E011F33F268B8F1F923A46F /* Pods_TrailBlazeTests.framework in Frameworks */ = {isa = PBXBuildFile; fileRef = EF8A80D6274FD869813BF164 /* Pods_TrailBlazeTests.framework */; };
		AC0D7A2EC36B47816651B6E2 /* Pods_TrailBlaze.framework in Frameworks */ = {isa = PBXBuildFile; fileRef = BFA2DD5153D29C4ED300B44B /* Pods_TrailBlaze.framework */; };
		C60E25437CC0DC977E79CDB0 /* Pods_TrailBlaze_TrailBlazeUITests.framework in Frameworks */ = {isa = PBXBuildFile; fileRef = 0EE07284A8FB90611D21CCB8 /* Pods_TrailBlaze_TrailBlazeUITests.framework */; };
/* End PBXBuildFile section */

/* Begin PBXContainerItemProxy section */
		4EE674D92866D6C900A93C15 /* PBXContainerItemProxy */ = {
			isa = PBXContainerItemProxy;
			containerPortal = 4EE674B52866D6C800A93C15 /* Project object */;
			proxyType = 1;
			remoteGlobalIDString = 4EE674BC2866D6C800A93C15;
			remoteInfo = TrailBlaze;
		};
		4EE674E32866D6C900A93C15 /* PBXContainerItemProxy */ = {
			isa = PBXContainerItemProxy;
			containerPortal = 4EE674B52866D6C800A93C15 /* Project object */;
			proxyType = 1;
			remoteGlobalIDString = 4EE674BC2866D6C800A93C15;
			remoteInfo = TrailBlaze;
		};
/* End PBXContainerItemProxy section */

/* Begin PBXFileReference section */
		0EE07284A8FB90611D21CCB8 /* Pods_TrailBlaze_TrailBlazeUITests.framework */ = {isa = PBXFileReference; explicitFileType = wrapper.framework; includeInIndex = 0; path = Pods_TrailBlaze_TrailBlazeUITests.framework; sourceTree = BUILT_PRODUCTS_DIR; };
		2B508F8BD64314AE3DE51636 /* Pods-TrailBlazeTests.debug.xcconfig */ = {isa = PBXFileReference; includeInIndex = 1; lastKnownFileType = text.xcconfig; name = "Pods-TrailBlazeTests.debug.xcconfig"; path = "Target Support Files/Pods-TrailBlazeTests/Pods-TrailBlazeTests.debug.xcconfig"; sourceTree = "<group>"; };
		3E953E4347D732BD1B596D6A /* Pods-TrailBlaze-TrailBlazeUITests.release.xcconfig */ = {isa = PBXFileReference; includeInIndex = 1; lastKnownFileType = text.xcconfig; name = "Pods-TrailBlaze-TrailBlazeUITests.release.xcconfig"; path = "Target Support Files/Pods-TrailBlaze-TrailBlazeUITests/Pods-TrailBlaze-TrailBlazeUITests.release.xcconfig"; sourceTree = "<group>"; };
		4E0BB91728909A900037CC01 /* InterceptRequest.h */ = {isa = PBXFileReference; lastKnownFileType = sourcecode.c.h; path = InterceptRequest.h; sourceTree = "<group>"; };
		4E0BB91828909A900037CC01 /* InterceptRequest.m */ = {isa = PBXFileReference; lastKnownFileType = sourcecode.c.objc; path = InterceptRequest.m; sourceTree = "<group>"; };
		4E0BB91D2891F4FC0037CC01 /* Interception.h */ = {isa = PBXFileReference; fileEncoding = 4; lastKnownFileType = sourcecode.c.h; path = Interception.h; sourceTree = "<group>"; };
		4E0BB91E2891F4FC0037CC01 /* Interception.m */ = {isa = PBXFileReference; fileEncoding = 4; lastKnownFileType = sourcecode.c.objc; path = Interception.m; sourceTree = "<group>"; };
		4E0BB923289462650037CC01 /* Utils.h */ = {isa = PBXFileReference; lastKnownFileType = sourcecode.c.h; path = Utils.h; sourceTree = "<group>"; };
		4E0BB924289462650037CC01 /* Utils.m */ = {isa = PBXFileReference; lastKnownFileType = sourcecode.c.objc; path = Utils.m; sourceTree = "<group>"; };
		4E3483E3287EB0EE0032C796 /* QueryManager.h */ = {isa = PBXFileReference; lastKnownFileType = sourcecode.c.h; path = QueryManager.h; sourceTree = "<group>"; };
		4E3483E4287EB0EE0032C796 /* QueryManager.m */ = {isa = PBXFileReference; lastKnownFileType = sourcecode.c.objc; path = QueryManager.m; sourceTree = "<group>"; };
		4E3483EA287F42430032C796 /* FindMatesViewController.h */ = {isa = PBXFileReference; lastKnownFileType = sourcecode.c.h; path = FindMatesViewController.h; sourceTree = "<group>"; };
		4E3483EB287F42430032C796 /* FindMatesViewController.m */ = {isa = PBXFileReference; lastKnownFileType = sourcecode.c.objc; path = FindMatesViewController.m; sourceTree = "<group>"; };
		4E560D25287DE9C00048BF37 /* GoogleService-Info.plist */ = {isa = PBXFileReference; fileEncoding = 4; lastKnownFileType = text.plist.xml; path = "GoogleService-Info.plist"; sourceTree = "<group>"; };
		4E5831F5287F7CB7006D9982 /* FriendRequest.h */ = {isa = PBXFileReference; lastKnownFileType = sourcecode.c.h; path = FriendRequest.h; sourceTree = "<group>"; };
		4E5831F6287F7CB7006D9982 /* FriendRequest.m */ = {isa = PBXFileReference; lastKnownFileType = sourcecode.c.objc; path = FriendRequest.m; sourceTree = "<group>"; };
		4E5831F8287FA565006D9982 /* RunCell.h */ = {isa = PBXFileReference; lastKnownFileType = sourcecode.c.h; path = RunCell.h; sourceTree = "<group>"; };
		4E5831F9287FA565006D9982 /* RunCell.m */ = {isa = PBXFileReference; lastKnownFileType = sourcecode.c.objc; path = RunCell.m; sourceTree = "<group>"; };
		4E64D18C287E1151007A87A1 /* Run.h */ = {isa = PBXFileReference; lastKnownFileType = sourcecode.c.h; path = Run.h; sourceTree = "<group>"; };
		4E64D18D287E1151007A87A1 /* Run.m */ = {isa = PBXFileReference; lastKnownFileType = sourcecode.c.objc; path = Run.m; sourceTree = "<group>"; };
		4E64D18F287E21F8007A87A1 /* User.h */ = {isa = PBXFileReference; lastKnownFileType = sourcecode.c.h; path = User.h; sourceTree = "<group>"; };
		4E64D190287E21F8007A87A1 /* User.m */ = {isa = PBXFileReference; lastKnownFileType = sourcecode.c.objc; path = User.m; sourceTree = "<group>"; };
		4E6BD31F585E1E0A201FB7F8 /* Pods-TrailBlaze.release.xcconfig */ = {isa = PBXFileReference; includeInIndex = 1; lastKnownFileType = text.xcconfig; name = "Pods-TrailBlaze.release.xcconfig"; path = "Target Support Files/Pods-TrailBlaze/Pods-TrailBlaze.release.xcconfig"; sourceTree = "<group>"; };
		4E701DF5287606DF00DD375B /* MatesViewController.h */ = {isa = PBXFileReference; lastKnownFileType = sourcecode.c.h; path = MatesViewController.h; sourceTree = "<group>"; };
		4E701DF6287606DF00DD375B /* MatesViewController.m */ = {isa = PBXFileReference; lastKnownFileType = sourcecode.c.objc; path = MatesViewController.m; sourceTree = "<group>"; };
		4E701DF82876084800DD375B /* MateCell.h */ = {isa = PBXFileReference; lastKnownFileType = sourcecode.c.h; path = MateCell.h; sourceTree = "<group>"; };
		4E701DF92876084800DD375B /* MateCell.m */ = {isa = PBXFileReference; lastKnownFileType = sourcecode.c.objc; path = MateCell.m; sourceTree = "<group>"; };
		4E701DFB28768D0900DD375B /* MapViewController.h */ = {isa = PBXFileReference; lastKnownFileType = sourcecode.c.h; path = MapViewController.h; sourceTree = "<group>"; };
		4E701DFC28768D0900DD375B /* MapViewController.m */ = {isa = PBXFileReference; lastKnownFileType = sourcecode.c.objc; path = MapViewController.m; sourceTree = "<group>"; };
		4E7363CB2886132D00CE65AE /* MateDetailViewController.h */ = {isa = PBXFileReference; lastKnownFileType = sourcecode.c.h; path = MateDetailViewController.h; sourceTree = "<group>"; };
		4E7363CC2886132D00CE65AE /* MateDetailViewController.m */ = {isa = PBXFileReference; lastKnownFileType = sourcecode.c.objc; path = MateDetailViewController.m; sourceTree = "<group>"; };
		4EA6A7C12889C02D001AB835 /* RunnerAnnotation.h */ = {isa = PBXFileReference; lastKnownFileType = sourcecode.c.h; path = RunnerAnnotation.h; sourceTree = "<group>"; };
		4EA6A7C22889C02D001AB835 /* RunnerAnnotation.m */ = {isa = PBXFileReference; lastKnownFileType = sourcecode.c.objc; path = RunnerAnnotation.m; sourceTree = "<group>"; };
		4EAAB54B286E6D960093B30B /* LoginViewController.h */ = {isa = PBXFileReference; lastKnownFileType = sourcecode.c.h; path = LoginViewController.h; sourceTree = "<group>"; };
		4EAAB54C286E6D960093B30B /* LoginViewController.m */ = {isa = PBXFileReference; lastKnownFileType = sourcecode.c.objc; path = LoginViewController.m; sourceTree = "<group>"; };
		4EAAB54E286E6DBB0093B30B /* HomeViewController.h */ = {isa = PBXFileReference; lastKnownFileType = sourcecode.c.h; path = HomeViewController.h; sourceTree = "<group>"; };
		4EAAB54F286E6DBB0093B30B /* HomeViewController.m */ = {isa = PBXFileReference; lastKnownFileType = sourcecode.c.objc; path = HomeViewController.m; sourceTree = "<group>"; };
		4EAAB551286E6DE00093B30B /* RegisterViewController.h */ = {isa = PBXFileReference; lastKnownFileType = sourcecode.c.h; path = RegisterViewController.h; sourceTree = "<group>"; };
		4EAAB552286E6DE00093B30B /* RegisterViewController.m */ = {isa = PBXFileReference; lastKnownFileType = sourcecode.c.objc; path = RegisterViewController.m; sourceTree = "<group>"; };
		4EAAB554287001CE0093B30B /* MapKit.framework */ = {isa = PBXFileReference; lastKnownFileType = wrapper.framework; name = MapKit.framework; path = System/Library/Frameworks/MapKit.framework; sourceTree = SDKROOT; };
		4EAAB556287002C60093B30B /* ProfileViewController.h */ = {isa = PBXFileReference; lastKnownFileType = sourcecode.c.h; path = ProfileViewController.h; sourceTree = "<group>"; };
		4EAAB557287002C60093B30B /* ProfileViewController.m */ = {isa = PBXFileReference; lastKnownFileType = sourcecode.c.objc; path = ProfileViewController.m; sourceTree = "<group>"; };
		4EB1C50D2874F7EB00A61A10 /* CoreLocation.framework */ = {isa = PBXFileReference; lastKnownFileType = wrapper.framework; name = CoreLocation.framework; path = System/Library/Frameworks/CoreLocation.framework; sourceTree = SDKROOT; };
		4ECC3772287DDE4200708C8E /* keys.plist */ = {isa = PBXFileReference; lastKnownFileType = text.plist.xml; path = keys.plist; sourceTree = "<group>"; };
		4ED63CAF289B1B880010FE9D /* RerunViewController.h */ = {isa = PBXFileReference; lastKnownFileType = sourcecode.c.h; path = RerunViewController.h; sourceTree = "<group>"; };
		4ED63CB0289B1B880010FE9D /* RerunViewController.m */ = {isa = PBXFileReference; lastKnownFileType = sourcecode.c.objc; path = RerunViewController.m; sourceTree = "<group>"; };
		4ED63CB2289B1E2B0010FE9D /* RerunCell.h */ = {isa = PBXFileReference; lastKnownFileType = sourcecode.c.h; path = RerunCell.h; sourceTree = "<group>"; };
		4ED63CB3289B1E2B0010FE9D /* RerunCell.m */ = {isa = PBXFileReference; lastKnownFileType = sourcecode.c.objc; path = RerunCell.m; sourceTree = "<group>"; };
		4EE182E52888AED9001A60DD /* Interceptor.h */ = {isa = PBXFileReference; lastKnownFileType = sourcecode.c.h; path = Interceptor.h; sourceTree = "<group>"; };
		4EE182E62888AED9001A60DD /* Interceptor.m */ = {isa = PBXFileReference; lastKnownFileType = sourcecode.c.objc; path = Interceptor.m; sourceTree = "<group>"; };
		4EE674BD2866D6C800A93C15 /* TrailBlaze.app */ = {isa = PBXFileReference; explicitFileType = wrapper.application; includeInIndex = 0; path = TrailBlaze.app; sourceTree = BUILT_PRODUCTS_DIR; };
		4EE674C02866D6C800A93C15 /* AppDelegate.h */ = {isa = PBXFileReference; lastKnownFileType = sourcecode.c.h; path = AppDelegate.h; sourceTree = "<group>"; };
		4EE674C12866D6C800A93C15 /* AppDelegate.m */ = {isa = PBXFileReference; lastKnownFileType = sourcecode.c.objc; path = AppDelegate.m; sourceTree = "<group>"; };
		4EE674C32866D6C800A93C15 /* SceneDelegate.h */ = {isa = PBXFileReference; lastKnownFileType = sourcecode.c.h; path = SceneDelegate.h; sourceTree = "<group>"; };
		4EE674C42866D6C800A93C15 /* SceneDelegate.m */ = {isa = PBXFileReference; lastKnownFileType = sourcecode.c.objc; path = SceneDelegate.m; sourceTree = "<group>"; };
		4EE674C62866D6C800A93C15 /* ViewController.h */ = {isa = PBXFileReference; lastKnownFileType = sourcecode.c.h; path = ViewController.h; sourceTree = "<group>"; };
		4EE674C72866D6C800A93C15 /* ViewController.m */ = {isa = PBXFileReference; lastKnownFileType = sourcecode.c.objc; path = ViewController.m; sourceTree = "<group>"; };
		4EE674CA2866D6C800A93C15 /* Base */ = {isa = PBXFileReference; lastKnownFileType = file.storyboard; name = Base; path = Base.lproj/Main.storyboard; sourceTree = "<group>"; };
		4EE674CC2866D6C900A93C15 /* Assets.xcassets */ = {isa = PBXFileReference; lastKnownFileType = folder.assetcatalog; path = Assets.xcassets; sourceTree = "<group>"; };
		4EE674CF2866D6C900A93C15 /* Base */ = {isa = PBXFileReference; lastKnownFileType = file.storyboard; name = Base; path = Base.lproj/LaunchScreen.storyboard; sourceTree = "<group>"; };
		4EE674D12866D6C900A93C15 /* Info.plist */ = {isa = PBXFileReference; lastKnownFileType = text.plist.xml; path = Info.plist; sourceTree = "<group>"; };
		4EE674D22866D6C900A93C15 /* main.m */ = {isa = PBXFileReference; lastKnownFileType = sourcecode.c.objc; path = main.m; sourceTree = "<group>"; };
		4EE674D82866D6C900A93C15 /* TrailBlazeTests.xctest */ = {isa = PBXFileReference; explicitFileType = wrapper.cfbundle; includeInIndex = 0; path = TrailBlazeTests.xctest; sourceTree = BUILT_PRODUCTS_DIR; };
		4EE674DC2866D6C900A93C15 /* TrailBlazeTests.m */ = {isa = PBXFileReference; lastKnownFileType = sourcecode.c.objc; path = TrailBlazeTests.m; sourceTree = "<group>"; };
		4EE674E22866D6C900A93C15 /* TrailBlazeUITests.xctest */ = {isa = PBXFileReference; explicitFileType = wrapper.cfbundle; includeInIndex = 0; path = TrailBlazeUITests.xctest; sourceTree = BUILT_PRODUCTS_DIR; };
		4EE674E62866D6C900A93C15 /* TrailBlazeUITests.m */ = {isa = PBXFileReference; lastKnownFileType = sourcecode.c.objc; path = TrailBlazeUITests.m; sourceTree = "<group>"; };
		4EE674E82866D6C900A93C15 /* TrailBlazeUITestsLaunchTests.m */ = {isa = PBXFileReference; lastKnownFileType = sourcecode.c.objc; path = TrailBlazeUITestsLaunchTests.m; sourceTree = "<group>"; };
		4EFE7BBF289858E400DBBA56 /* PaceImprovementTracker.h */ = {isa = PBXFileReference; lastKnownFileType = sourcecode.c.h; path = PaceImprovementTracker.h; sourceTree = "<group>"; };
		4EFE7BC0289858E400DBBA56 /* PaceImprovementTracker.m */ = {isa = PBXFileReference; lastKnownFileType = sourcecode.c.objc; path = PaceImprovementTracker.m; sourceTree = "<group>"; };
		84B248656AB5E195DB12CDE3 /* Pods-TrailBlaze.debug.xcconfig */ = {isa = PBXFileReference; includeInIndex = 1; lastKnownFileType = text.xcconfig; name = "Pods-TrailBlaze.debug.xcconfig"; path = "Target Support Files/Pods-TrailBlaze/Pods-TrailBlaze.debug.xcconfig"; sourceTree = "<group>"; };
		AD049837B680A13AF32C04D3 /* Pods-TrailBlazeTests.release.xcconfig */ = {isa = PBXFileReference; includeInIndex = 1; lastKnownFileType = text.xcconfig; name = "Pods-TrailBlazeTests.release.xcconfig"; path = "Target Support Files/Pods-TrailBlazeTests/Pods-TrailBlazeTests.release.xcconfig"; sourceTree = "<group>"; };
		BFA2DD5153D29C4ED300B44B /* Pods_TrailBlaze.framework */ = {isa = PBXFileReference; explicitFileType = wrapper.framework; includeInIndex = 0; path = Pods_TrailBlaze.framework; sourceTree = BUILT_PRODUCTS_DIR; };
		CD6D6576143943736A833A66 /* Pods-TrailBlaze-TrailBlazeUITests.debug.xcconfig */ = {isa = PBXFileReference; includeInIndex = 1; lastKnownFileType = text.xcconfig; name = "Pods-TrailBlaze-TrailBlazeUITests.debug.xcconfig"; path = "Target Support Files/Pods-TrailBlaze-TrailBlazeUITests/Pods-TrailBlaze-TrailBlazeUITests.debug.xcconfig"; sourceTree = "<group>"; };
		EF8A80D6274FD869813BF164 /* Pods_TrailBlazeTests.framework */ = {isa = PBXFileReference; explicitFileType = wrapper.framework; includeInIndex = 0; path = Pods_TrailBlazeTests.framework; sourceTree = BUILT_PRODUCTS_DIR; };
/* End PBXFileReference section */

/* Begin PBXFrameworksBuildPhase section */
		4EE674BA2866D6C800A93C15 /* Frameworks */ = {
			isa = PBXFrameworksBuildPhase;
			buildActionMask = 2147483647;
			files = (
				4EB1C50E2874F7EB00A61A10 /* CoreLocation.framework in Frameworks */,
				4EAAB555287001CE0093B30B /* MapKit.framework in Frameworks */,
				AC0D7A2EC36B47816651B6E2 /* Pods_TrailBlaze.framework in Frameworks */,
			);
			runOnlyForDeploymentPostprocessing = 0;
		};
		4EE674D52866D6C900A93C15 /* Frameworks */ = {
			isa = PBXFrameworksBuildPhase;
			buildActionMask = 2147483647;
			files = (
				5E011F33F268B8F1F923A46F /* Pods_TrailBlazeTests.framework in Frameworks */,
			);
			runOnlyForDeploymentPostprocessing = 0;
		};
		4EE674DF2866D6C900A93C15 /* Frameworks */ = {
			isa = PBXFrameworksBuildPhase;
			buildActionMask = 2147483647;
			files = (
				C60E25437CC0DC977E79CDB0 /* Pods_TrailBlaze_TrailBlazeUITests.framework in Frameworks */,
			);
			runOnlyForDeploymentPostprocessing = 0;
		};
/* End PBXFrameworksBuildPhase section */

/* Begin PBXGroup section */
		0AF952D79930C5C7133CCB26 /* Frameworks */ = {
			isa = PBXGroup;
			children = (
				4EB1C50D2874F7EB00A61A10 /* CoreLocation.framework */,
				4EAAB554287001CE0093B30B /* MapKit.framework */,
				BFA2DD5153D29C4ED300B44B /* Pods_TrailBlaze.framework */,
				0EE07284A8FB90611D21CCB8 /* Pods_TrailBlaze_TrailBlazeUITests.framework */,
				EF8A80D6274FD869813BF164 /* Pods_TrailBlazeTests.framework */,
			);
			name = Frameworks;
			sourceTree = "<group>";
		};
		4E64D192287E39E3007A87A1 /* Networking */ = {
			isa = PBXGroup;
			children = (
				4E3483E3287EB0EE0032C796 /* QueryManager.h */,
				4E3483E4287EB0EE0032C796 /* QueryManager.m */,
				4EE182E52888AED9001A60DD /* Interceptor.h */,
				4EE182E62888AED9001A60DD /* Interceptor.m */,
				4EFE7BBF289858E400DBBA56 /* PaceImprovementTracker.h */,
				4EFE7BC0289858E400DBBA56 /* PaceImprovementTracker.m */,
			);
			path = Networking;
			sourceTree = "<group>";
		};
		4EA7BFB82874B9D800D1D797 /* Objects */ = {
			isa = PBXGroup;
			children = (
				4E701DF82876084800DD375B /* MateCell.h */,
				4E701DF92876084800DD375B /* MateCell.m */,
				4E64D18C287E1151007A87A1 /* Run.h */,
				4E64D18D287E1151007A87A1 /* Run.m */,
				4E64D18F287E21F8007A87A1 /* User.h */,
				4E64D190287E21F8007A87A1 /* User.m */,
				4E5831F5287F7CB7006D9982 /* FriendRequest.h */,
				4E5831F6287F7CB7006D9982 /* FriendRequest.m */,
				4E0BB91728909A900037CC01 /* InterceptRequest.h */,
				4E0BB91828909A900037CC01 /* InterceptRequest.m */,
				4E5831F8287FA565006D9982 /* RunCell.h */,
				4E5831F9287FA565006D9982 /* RunCell.m */,
				4EA6A7C12889C02D001AB835 /* RunnerAnnotation.h */,
				4EA6A7C22889C02D001AB835 /* RunnerAnnotation.m */,
				4E0BB91D2891F4FC0037CC01 /* Interception.h */,
				4E0BB91E2891F4FC0037CC01 /* Interception.m */,
				4E0BB923289462650037CC01 /* Utils.h */,
				4E0BB924289462650037CC01 /* Utils.m */,
				4ED63CB2289B1E2B0010FE9D /* RerunCell.h */,
				4ED63CB3289B1E2B0010FE9D /* RerunCell.m */,
			);
			path = Objects;
			sourceTree = "<group>";
		};
		4EE674B42866D6C800A93C15 = {
			isa = PBXGroup;
			children = (
				4EE674BF2866D6C800A93C15 /* TrailBlaze */,
				4EE674DB2866D6C900A93C15 /* TrailBlazeTests */,
				4EE674E52866D6C900A93C15 /* TrailBlazeUITests */,
				4EE674BE2866D6C800A93C15 /* Products */,
				9E12A0436666BF88FFEDFD90 /* Pods */,
				0AF952D79930C5C7133CCB26 /* Frameworks */,
			);
			sourceTree = "<group>";
		};
		4EE674BE2866D6C800A93C15 /* Products */ = {
			isa = PBXGroup;
			children = (
				4EE674BD2866D6C800A93C15 /* TrailBlaze.app */,
				4EE674D82866D6C900A93C15 /* TrailBlazeTests.xctest */,
				4EE674E22866D6C900A93C15 /* TrailBlazeUITests.xctest */,
			);
			name = Products;
			sourceTree = "<group>";
		};
		4EE674BF2866D6C800A93C15 /* TrailBlaze */ = {
			isa = PBXGroup;
			children = (
				4E64D192287E39E3007A87A1 /* Networking */,
				4EA7BFB82874B9D800D1D797 /* Objects */,
				4EE674F52866D6D500A93C15 /* View Controllers */,
				4EE674C12866D6C800A93C15 /* AppDelegate.m */,
				4EE674C02866D6C800A93C15 /* AppDelegate.h */,
				4EE674C32866D6C800A93C15 /* SceneDelegate.h */,
				4EE674C42866D6C800A93C15 /* SceneDelegate.m */,
				4EE674C62866D6C800A93C15 /* ViewController.h */,
				4EE674C72866D6C800A93C15 /* ViewController.m */,
				4EE674C92866D6C800A93C15 /* Main.storyboard */,
				4EE674CC2866D6C900A93C15 /* Assets.xcassets */,
				4EE674CE2866D6C900A93C15 /* LaunchScreen.storyboard */,
				4EE674D22866D6C900A93C15 /* main.m */,
				4EE674D12866D6C900A93C15 /* Info.plist */,
				4ECC3772287DDE4200708C8E /* keys.plist */,
				4E560D25287DE9C00048BF37 /* GoogleService-Info.plist */,
			);
			path = TrailBlaze;
			sourceTree = "<group>";
		};
		4EE674DB2866D6C900A93C15 /* TrailBlazeTests */ = {
			isa = PBXGroup;
			children = (
				4EE674DC2866D6C900A93C15 /* TrailBlazeTests.m */,
			);
			path = TrailBlazeTests;
			sourceTree = "<group>";
		};
		4EE674E52866D6C900A93C15 /* TrailBlazeUITests */ = {
			isa = PBXGroup;
			children = (
				4EE674E62866D6C900A93C15 /* TrailBlazeUITests.m */,
				4EE674E82866D6C900A93C15 /* TrailBlazeUITestsLaunchTests.m */,
			);
			path = TrailBlazeUITests;
			sourceTree = "<group>";
		};
		4EE674F52866D6D500A93C15 /* View Controllers */ = {
			isa = PBXGroup;
			children = (
				4EAAB54B286E6D960093B30B /* LoginViewController.h */,
				4EAAB54C286E6D960093B30B /* LoginViewController.m */,
				4EAAB54E286E6DBB0093B30B /* HomeViewController.h */,
				4EAAB54F286E6DBB0093B30B /* HomeViewController.m */,
				4EAAB551286E6DE00093B30B /* RegisterViewController.h */,
				4EAAB552286E6DE00093B30B /* RegisterViewController.m */,
				4EAAB556287002C60093B30B /* ProfileViewController.h */,
				4EAAB557287002C60093B30B /* ProfileViewController.m */,
				4E701DF5287606DF00DD375B /* MatesViewController.h */,
				4E701DF6287606DF00DD375B /* MatesViewController.m */,
				4E701DFB28768D0900DD375B /* MapViewController.h */,
				4E701DFC28768D0900DD375B /* MapViewController.m */,
				4E3483EA287F42430032C796 /* FindMatesViewController.h */,
				4E3483EB287F42430032C796 /* FindMatesViewController.m */,
				4E7363CB2886132D00CE65AE /* MateDetailViewController.h */,
				4E7363CC2886132D00CE65AE /* MateDetailViewController.m */,
				4ED63CAF289B1B880010FE9D /* RerunViewController.h */,
				4ED63CB0289B1B880010FE9D /* RerunViewController.m */,
			);
			path = "View Controllers";
			sourceTree = "<group>";
		};
		9E12A0436666BF88FFEDFD90 /* Pods */ = {
			isa = PBXGroup;
			children = (
				84B248656AB5E195DB12CDE3 /* Pods-TrailBlaze.debug.xcconfig */,
				4E6BD31F585E1E0A201FB7F8 /* Pods-TrailBlaze.release.xcconfig */,
				CD6D6576143943736A833A66 /* Pods-TrailBlaze-TrailBlazeUITests.debug.xcconfig */,
				3E953E4347D732BD1B596D6A /* Pods-TrailBlaze-TrailBlazeUITests.release.xcconfig */,
				2B508F8BD64314AE3DE51636 /* Pods-TrailBlazeTests.debug.xcconfig */,
				AD049837B680A13AF32C04D3 /* Pods-TrailBlazeTests.release.xcconfig */,
			);
			path = Pods;
			sourceTree = "<group>";
		};
/* End PBXGroup section */

/* Begin PBXNativeTarget section */
		4EE674BC2866D6C800A93C15 /* TrailBlaze */ = {
			isa = PBXNativeTarget;
			buildConfigurationList = 4EE674EC2866D6C900A93C15 /* Build configuration list for PBXNativeTarget "TrailBlaze" */;
			buildPhases = (
				16BB639A9AC0EC0EEBB8F626 /* [CP] Check Pods Manifest.lock */,
				4EE674B92866D6C800A93C15 /* Sources */,
				4EE674BA2866D6C800A93C15 /* Frameworks */,
				4EE674BB2866D6C800A93C15 /* Resources */,
				77B803A1486E34085CDF2D6D /* [CP] Embed Pods Frameworks */,
			);
			buildRules = (
			);
			dependencies = (
			);
			name = TrailBlaze;
			productName = TrailBlaze;
			productReference = 4EE674BD2866D6C800A93C15 /* TrailBlaze.app */;
			productType = "com.apple.product-type.application";
		};
		4EE674D72866D6C900A93C15 /* TrailBlazeTests */ = {
			isa = PBXNativeTarget;
			buildConfigurationList = 4EE674EF2866D6C900A93C15 /* Build configuration list for PBXNativeTarget "TrailBlazeTests" */;
			buildPhases = (
				E0C0B87B9DFB7B3309377EF4 /* [CP] Check Pods Manifest.lock */,
				4EE674D42866D6C900A93C15 /* Sources */,
				4EE674D52866D6C900A93C15 /* Frameworks */,
				4EE674D62866D6C900A93C15 /* Resources */,
			);
			buildRules = (
			);
			dependencies = (
				4EE674DA2866D6C900A93C15 /* PBXTargetDependency */,
			);
			name = TrailBlazeTests;
			productName = TrailBlazeTests;
			productReference = 4EE674D82866D6C900A93C15 /* TrailBlazeTests.xctest */;
			productType = "com.apple.product-type.bundle.unit-test";
		};
		4EE674E12866D6C900A93C15 /* TrailBlazeUITests */ = {
			isa = PBXNativeTarget;
			buildConfigurationList = 4EE674F22866D6C900A93C15 /* Build configuration list for PBXNativeTarget "TrailBlazeUITests" */;
			buildPhases = (
				6B2EF4CE17A9F2A362D82DAF /* [CP] Check Pods Manifest.lock */,
				4EE674DE2866D6C900A93C15 /* Sources */,
				4EE674DF2866D6C900A93C15 /* Frameworks */,
				4EE674E02866D6C900A93C15 /* Resources */,
				8E821C900231C356BB6BEA90 /* [CP] Embed Pods Frameworks */,
			);
			buildRules = (
			);
			dependencies = (
				4EE674E42866D6C900A93C15 /* PBXTargetDependency */,
			);
			name = TrailBlazeUITests;
			productName = TrailBlazeUITests;
			productReference = 4EE674E22866D6C900A93C15 /* TrailBlazeUITests.xctest */;
			productType = "com.apple.product-type.bundle.ui-testing";
		};
/* End PBXNativeTarget section */

/* Begin PBXProject section */
		4EE674B52866D6C800A93C15 /* Project object */ = {
			isa = PBXProject;
			attributes = {
				BuildIndependentTargetsInParallel = 1;
				LastUpgradeCheck = 1340;
				TargetAttributes = {
					4EE674BC2866D6C800A93C15 = {
						CreatedOnToolsVersion = 13.4.1;
						LastSwiftMigration = 1340;
					};
					4EE674D72866D6C900A93C15 = {
						CreatedOnToolsVersion = 13.4.1;
						TestTargetID = 4EE674BC2866D6C800A93C15;
					};
					4EE674E12866D6C900A93C15 = {
						CreatedOnToolsVersion = 13.4.1;
						TestTargetID = 4EE674BC2866D6C800A93C15;
					};
				};
			};
			buildConfigurationList = 4EE674B82866D6C800A93C15 /* Build configuration list for PBXProject "TrailBlaze" */;
			compatibilityVersion = "Xcode 13.0";
			developmentRegion = en;
			hasScannedForEncodings = 0;
			knownRegions = (
				en,
				Base,
			);
			mainGroup = 4EE674B42866D6C800A93C15;
			productRefGroup = 4EE674BE2866D6C800A93C15 /* Products */;
			projectDirPath = "";
			projectRoot = "";
			targets = (
				4EE674BC2866D6C800A93C15 /* TrailBlaze */,
				4EE674D72866D6C900A93C15 /* TrailBlazeTests */,
				4EE674E12866D6C900A93C15 /* TrailBlazeUITests */,
			);
		};
/* End PBXProject section */

/* Begin PBXResourcesBuildPhase section */
		4EE674BB2866D6C800A93C15 /* Resources */ = {
			isa = PBXResourcesBuildPhase;
			buildActionMask = 2147483647;
			files = (
				4ECC3773287DDE4200708C8E /* keys.plist in Resources */,
				4EE674D02866D6C900A93C15 /* LaunchScreen.storyboard in Resources */,
				4E560D26287DE9C00048BF37 /* GoogleService-Info.plist in Resources */,
				4EE674CD2866D6C900A93C15 /* Assets.xcassets in Resources */,
				4EE674CB2866D6C800A93C15 /* Main.storyboard in Resources */,
			);
			runOnlyForDeploymentPostprocessing = 0;
		};
		4EE674D62866D6C900A93C15 /* Resources */ = {
			isa = PBXResourcesBuildPhase;
			buildActionMask = 2147483647;
			files = (
			);
			runOnlyForDeploymentPostprocessing = 0;
		};
		4EE674E02866D6C900A93C15 /* Resources */ = {
			isa = PBXResourcesBuildPhase;
			buildActionMask = 2147483647;
			files = (
			);
			runOnlyForDeploymentPostprocessing = 0;
		};
/* End PBXResourcesBuildPhase section */

/* Begin PBXShellScriptBuildPhase section */
		16BB639A9AC0EC0EEBB8F626 /* [CP] Check Pods Manifest.lock */ = {
			isa = PBXShellScriptBuildPhase;
			buildActionMask = 2147483647;
			files = (
			);
			inputFileListPaths = (
			);
			inputPaths = (
				"${PODS_PODFILE_DIR_PATH}/Podfile.lock",
				"${PODS_ROOT}/Manifest.lock",
			);
			name = "[CP] Check Pods Manifest.lock";
			outputFileListPaths = (
			);
			outputPaths = (
				"$(DERIVED_FILE_DIR)/Pods-TrailBlaze-checkManifestLockResult.txt",
			);
			runOnlyForDeploymentPostprocessing = 0;
			shellPath = /bin/sh;
			shellScript = "diff \"${PODS_PODFILE_DIR_PATH}/Podfile.lock\" \"${PODS_ROOT}/Manifest.lock\" > /dev/null\nif [ $? != 0 ] ; then\n    # print error to STDERR\n    echo \"error: The sandbox is not in sync with the Podfile.lock. Run 'pod install' or update your CocoaPods installation.\" >&2\n    exit 1\nfi\n# This output is used by Xcode 'outputs' to avoid re-running this script phase.\necho \"SUCCESS\" > \"${SCRIPT_OUTPUT_FILE_0}\"\n";
			showEnvVarsInLog = 0;
		};
		6B2EF4CE17A9F2A362D82DAF /* [CP] Check Pods Manifest.lock */ = {
			isa = PBXShellScriptBuildPhase;
			buildActionMask = 2147483647;
			files = (
			);
			inputFileListPaths = (
			);
			inputPaths = (
				"${PODS_PODFILE_DIR_PATH}/Podfile.lock",
				"${PODS_ROOT}/Manifest.lock",
			);
			name = "[CP] Check Pods Manifest.lock";
			outputFileListPaths = (
			);
			outputPaths = (
				"$(DERIVED_FILE_DIR)/Pods-TrailBlaze-TrailBlazeUITests-checkManifestLockResult.txt",
			);
			runOnlyForDeploymentPostprocessing = 0;
			shellPath = /bin/sh;
			shellScript = "diff \"${PODS_PODFILE_DIR_PATH}/Podfile.lock\" \"${PODS_ROOT}/Manifest.lock\" > /dev/null\nif [ $? != 0 ] ; then\n    # print error to STDERR\n    echo \"error: The sandbox is not in sync with the Podfile.lock. Run 'pod install' or update your CocoaPods installation.\" >&2\n    exit 1\nfi\n# This output is used by Xcode 'outputs' to avoid re-running this script phase.\necho \"SUCCESS\" > \"${SCRIPT_OUTPUT_FILE_0}\"\n";
			showEnvVarsInLog = 0;
		};
		77B803A1486E34085CDF2D6D /* [CP] Embed Pods Frameworks */ = {
			isa = PBXShellScriptBuildPhase;
			buildActionMask = 2147483647;
			files = (
			);
			inputFileListPaths = (
				"${PODS_ROOT}/Target Support Files/Pods-TrailBlaze/Pods-TrailBlaze-frameworks-${CONFIGURATION}-input-files.xcfilelist",
			);
			name = "[CP] Embed Pods Frameworks";
			outputFileListPaths = (
				"${PODS_ROOT}/Target Support Files/Pods-TrailBlaze/Pods-TrailBlaze-frameworks-${CONFIGURATION}-output-files.xcfilelist",
			);
			runOnlyForDeploymentPostprocessing = 0;
			shellPath = /bin/sh;
			shellScript = "\"${PODS_ROOT}/Target Support Files/Pods-TrailBlaze/Pods-TrailBlaze-frameworks.sh\"\n";
			showEnvVarsInLog = 0;
		};
		8E821C900231C356BB6BEA90 /* [CP] Embed Pods Frameworks */ = {
			isa = PBXShellScriptBuildPhase;
			buildActionMask = 2147483647;
			files = (
			);
			inputFileListPaths = (
				"${PODS_ROOT}/Target Support Files/Pods-TrailBlaze-TrailBlazeUITests/Pods-TrailBlaze-TrailBlazeUITests-frameworks-${CONFIGURATION}-input-files.xcfilelist",
			);
			name = "[CP] Embed Pods Frameworks";
			outputFileListPaths = (
				"${PODS_ROOT}/Target Support Files/Pods-TrailBlaze-TrailBlazeUITests/Pods-TrailBlaze-TrailBlazeUITests-frameworks-${CONFIGURATION}-output-files.xcfilelist",
			);
			runOnlyForDeploymentPostprocessing = 0;
			shellPath = /bin/sh;
			shellScript = "\"${PODS_ROOT}/Target Support Files/Pods-TrailBlaze-TrailBlazeUITests/Pods-TrailBlaze-TrailBlazeUITests-frameworks.sh\"\n";
			showEnvVarsInLog = 0;
		};
		E0C0B87B9DFB7B3309377EF4 /* [CP] Check Pods Manifest.lock */ = {
			isa = PBXShellScriptBuildPhase;
			buildActionMask = 2147483647;
			files = (
			);
			inputFileListPaths = (
			);
			inputPaths = (
				"${PODS_PODFILE_DIR_PATH}/Podfile.lock",
				"${PODS_ROOT}/Manifest.lock",
			);
			name = "[CP] Check Pods Manifest.lock";
			outputFileListPaths = (
			);
			outputPaths = (
				"$(DERIVED_FILE_DIR)/Pods-TrailBlazeTests-checkManifestLockResult.txt",
			);
			runOnlyForDeploymentPostprocessing = 0;
			shellPath = /bin/sh;
			shellScript = "diff \"${PODS_PODFILE_DIR_PATH}/Podfile.lock\" \"${PODS_ROOT}/Manifest.lock\" > /dev/null\nif [ $? != 0 ] ; then\n    # print error to STDERR\n    echo \"error: The sandbox is not in sync with the Podfile.lock. Run 'pod install' or update your CocoaPods installation.\" >&2\n    exit 1\nfi\n# This output is used by Xcode 'outputs' to avoid re-running this script phase.\necho \"SUCCESS\" > \"${SCRIPT_OUTPUT_FILE_0}\"\n";
			showEnvVarsInLog = 0;
		};
/* End PBXShellScriptBuildPhase section */

/* Begin PBXSourcesBuildPhase section */
		4EE674B92866D6C800A93C15 /* Sources */ = {
			isa = PBXSourcesBuildPhase;
			buildActionMask = 2147483647;
			files = (
				4E64D191287E21F8007A87A1 /* User.m in Sources */,
				4E0BB91928909A900037CC01 /* InterceptRequest.m in Sources */,
				4E3483EC287F42430032C796 /* FindMatesViewController.m in Sources */,
				4E0BB91F2891F4FC0037CC01 /* Interception.m in Sources */,
				4E5831FA287FA565006D9982 /* RunCell.m in Sources */,
				4E701DF7287606DF00DD375B /* MatesViewController.m in Sources */,
				4EE674C82866D6C800A93C15 /* ViewController.m in Sources */,
				4EE674C22866D6C800A93C15 /* AppDelegate.m in Sources */,
				4EA6A7C32889C02D001AB835 /* RunnerAnnotation.m in Sources */,
				4EAAB558287002C60093B30B /* ProfileViewController.m in Sources */,
				4ED63CB4289B1E2B0010FE9D /* RerunCell.m in Sources */,
				4E701DFA2876084800DD375B /* MateCell.m in Sources */,
				4EE674D32866D6C900A93C15 /* main.m in Sources */,
				4EE674C52866D6C800A93C15 /* SceneDelegate.m in Sources */,
				4EAAB553286E6DE00093B30B /* RegisterViewController.m in Sources */,
				4EFE7BC1289858E400DBBA56 /* PaceImprovementTracker.m in Sources */,
				4EAAB54D286E6D960093B30B /* LoginViewController.m in Sources */,
				4E7363CD2886132D00CE65AE /* MateDetailViewController.m in Sources */,
				4E5831F7287F7CB7006D9982 /* FriendRequest.m in Sources */,
				4E3483E5287EB0EE0032C796 /* QueryManager.m in Sources */,
				4E64D18E287E1151007A87A1 /* Run.m in Sources */,
				4EAAB550286E6DBB0093B30B /* HomeViewController.m in Sources */,
				4EE182E72888AED9001A60DD /* Interceptor.m in Sources */,
				4E0BB925289462650037CC01 /* Utils.m in Sources */,
				4E701DFD28768D0900DD375B /* MapViewController.m in Sources */,
				4ED63CB1289B1B880010FE9D /* RerunViewController.m in Sources */,
			);
			runOnlyForDeploymentPostprocessing = 0;
		};
		4EE674D42866D6C900A93C15 /* Sources */ = {
			isa = PBXSourcesBuildPhase;
			buildActionMask = 2147483647;
			files = (
				4EE674DD2866D6C900A93C15 /* TrailBlazeTests.m in Sources */,
			);
			runOnlyForDeploymentPostprocessing = 0;
		};
		4EE674DE2866D6C900A93C15 /* Sources */ = {
			isa = PBXSourcesBuildPhase;
			buildActionMask = 2147483647;
			files = (
				4EE674E92866D6C900A93C15 /* TrailBlazeUITestsLaunchTests.m in Sources */,
				4EE674E72866D6C900A93C15 /* TrailBlazeUITests.m in Sources */,
			);
			runOnlyForDeploymentPostprocessing = 0;
		};
/* End PBXSourcesBuildPhase section */

/* Begin PBXTargetDependency section */
		4EE674DA2866D6C900A93C15 /* PBXTargetDependency */ = {
			isa = PBXTargetDependency;
			target = 4EE674BC2866D6C800A93C15 /* TrailBlaze */;
			targetProxy = 4EE674D92866D6C900A93C15 /* PBXContainerItemProxy */;
		};
		4EE674E42866D6C900A93C15 /* PBXTargetDependency */ = {
			isa = PBXTargetDependency;
			target = 4EE674BC2866D6C800A93C15 /* TrailBlaze */;
			targetProxy = 4EE674E32866D6C900A93C15 /* PBXContainerItemProxy */;
		};
/* End PBXTargetDependency section */

/* Begin PBXVariantGroup section */
		4EE674C92866D6C800A93C15 /* Main.storyboard */ = {
			isa = PBXVariantGroup;
			children = (
				4EE674CA2866D6C800A93C15 /* Base */,
			);
			name = Main.storyboard;
			sourceTree = "<group>";
		};
		4EE674CE2866D6C900A93C15 /* LaunchScreen.storyboard */ = {
			isa = PBXVariantGroup;
			children = (
				4EE674CF2866D6C900A93C15 /* Base */,
			);
			name = LaunchScreen.storyboard;
			sourceTree = "<group>";
		};
/* End PBXVariantGroup section */

/* Begin XCBuildConfiguration section */
		4EE674EA2866D6C900A93C15 /* Debug */ = {
			isa = XCBuildConfiguration;
			buildSettings = {
				ALWAYS_SEARCH_USER_PATHS = NO;
				CLANG_ANALYZER_NONNULL = YES;
				CLANG_ANALYZER_NUMBER_OBJECT_CONVERSION = YES_AGGRESSIVE;
				CLANG_CXX_LANGUAGE_STANDARD = "gnu++17";
				CLANG_ENABLE_MODULES = YES;
				CLANG_ENABLE_OBJC_ARC = YES;
				CLANG_ENABLE_OBJC_WEAK = YES;
				CLANG_WARN_BLOCK_CAPTURE_AUTORELEASING = YES;
				CLANG_WARN_BOOL_CONVERSION = YES;
				CLANG_WARN_COMMA = YES;
				CLANG_WARN_CONSTANT_CONVERSION = YES;
				CLANG_WARN_DEPRECATED_OBJC_IMPLEMENTATIONS = YES;
				CLANG_WARN_DIRECT_OBJC_ISA_USAGE = YES_ERROR;
				CLANG_WARN_DOCUMENTATION_COMMENTS = YES;
				CLANG_WARN_EMPTY_BODY = YES;
				CLANG_WARN_ENUM_CONVERSION = YES;
				CLANG_WARN_INFINITE_RECURSION = YES;
				CLANG_WARN_INT_CONVERSION = YES;
				CLANG_WARN_NON_LITERAL_NULL_CONVERSION = YES;
				CLANG_WARN_OBJC_IMPLICIT_RETAIN_SELF = YES;
				CLANG_WARN_OBJC_LITERAL_CONVERSION = YES;
				CLANG_WARN_OBJC_ROOT_CLASS = YES_ERROR;
				CLANG_WARN_QUOTED_INCLUDE_IN_FRAMEWORK_HEADER = YES;
				CLANG_WARN_RANGE_LOOP_ANALYSIS = YES;
				CLANG_WARN_STRICT_PROTOTYPES = YES;
				CLANG_WARN_SUSPICIOUS_MOVE = YES;
				CLANG_WARN_UNGUARDED_AVAILABILITY = YES_AGGRESSIVE;
				CLANG_WARN_UNREACHABLE_CODE = YES;
				CLANG_WARN__DUPLICATE_METHOD_MATCH = YES;
				COPY_PHASE_STRIP = NO;
				DEBUG_INFORMATION_FORMAT = dwarf;
				ENABLE_STRICT_OBJC_MSGSEND = YES;
				ENABLE_TESTABILITY = YES;
				GCC_C_LANGUAGE_STANDARD = gnu11;
				GCC_DYNAMIC_NO_PIC = NO;
				GCC_NO_COMMON_BLOCKS = YES;
				GCC_OPTIMIZATION_LEVEL = 0;
				GCC_PREPROCESSOR_DEFINITIONS = (
					"DEBUG=1",
					"$(inherited)",
				);
				GCC_WARN_64_TO_32_BIT_CONVERSION = YES;
				GCC_WARN_ABOUT_RETURN_TYPE = YES_ERROR;
				GCC_WARN_UNDECLARED_SELECTOR = YES;
				GCC_WARN_UNINITIALIZED_AUTOS = YES_AGGRESSIVE;
				GCC_WARN_UNUSED_FUNCTION = YES;
				GCC_WARN_UNUSED_VARIABLE = YES;
				IPHONEOS_DEPLOYMENT_TARGET = 15.5;
				MTL_ENABLE_DEBUG_INFO = INCLUDE_SOURCE;
				MTL_FAST_MATH = YES;
				ONLY_ACTIVE_ARCH = YES;
				SDKROOT = iphoneos;
			};
			name = Debug;
		};
		4EE674EB2866D6C900A93C15 /* Release */ = {
			isa = XCBuildConfiguration;
			buildSettings = {
				ALWAYS_SEARCH_USER_PATHS = NO;
				CLANG_ANALYZER_NONNULL = YES;
				CLANG_ANALYZER_NUMBER_OBJECT_CONVERSION = YES_AGGRESSIVE;
				CLANG_CXX_LANGUAGE_STANDARD = "gnu++17";
				CLANG_ENABLE_MODULES = YES;
				CLANG_ENABLE_OBJC_ARC = YES;
				CLANG_ENABLE_OBJC_WEAK = YES;
				CLANG_WARN_BLOCK_CAPTURE_AUTORELEASING = YES;
				CLANG_WARN_BOOL_CONVERSION = YES;
				CLANG_WARN_COMMA = YES;
				CLANG_WARN_CONSTANT_CONVERSION = YES;
				CLANG_WARN_DEPRECATED_OBJC_IMPLEMENTATIONS = YES;
				CLANG_WARN_DIRECT_OBJC_ISA_USAGE = YES_ERROR;
				CLANG_WARN_DOCUMENTATION_COMMENTS = YES;
				CLANG_WARN_EMPTY_BODY = YES;
				CLANG_WARN_ENUM_CONVERSION = YES;
				CLANG_WARN_INFINITE_RECURSION = YES;
				CLANG_WARN_INT_CONVERSION = YES;
				CLANG_WARN_NON_LITERAL_NULL_CONVERSION = YES;
				CLANG_WARN_OBJC_IMPLICIT_RETAIN_SELF = YES;
				CLANG_WARN_OBJC_LITERAL_CONVERSION = YES;
				CLANG_WARN_OBJC_ROOT_CLASS = YES_ERROR;
				CLANG_WARN_QUOTED_INCLUDE_IN_FRAMEWORK_HEADER = YES;
				CLANG_WARN_RANGE_LOOP_ANALYSIS = YES;
				CLANG_WARN_STRICT_PROTOTYPES = YES;
				CLANG_WARN_SUSPICIOUS_MOVE = YES;
				CLANG_WARN_UNGUARDED_AVAILABILITY = YES_AGGRESSIVE;
				CLANG_WARN_UNREACHABLE_CODE = YES;
				CLANG_WARN__DUPLICATE_METHOD_MATCH = YES;
				COPY_PHASE_STRIP = NO;
				DEBUG_INFORMATION_FORMAT = "dwarf-with-dsym";
				ENABLE_NS_ASSERTIONS = NO;
				ENABLE_STRICT_OBJC_MSGSEND = YES;
				GCC_C_LANGUAGE_STANDARD = gnu11;
				GCC_NO_COMMON_BLOCKS = YES;
				GCC_WARN_64_TO_32_BIT_CONVERSION = YES;
				GCC_WARN_ABOUT_RETURN_TYPE = YES_ERROR;
				GCC_WARN_UNDECLARED_SELECTOR = YES;
				GCC_WARN_UNINITIALIZED_AUTOS = YES_AGGRESSIVE;
				GCC_WARN_UNUSED_FUNCTION = YES;
				GCC_WARN_UNUSED_VARIABLE = YES;
				IPHONEOS_DEPLOYMENT_TARGET = 15.5;
				MTL_ENABLE_DEBUG_INFO = NO;
				MTL_FAST_MATH = YES;
				SDKROOT = iphoneos;
				VALIDATE_PRODUCT = YES;
			};
			name = Release;
		};
		4EE674ED2866D6C900A93C15 /* Debug */ = {
			isa = XCBuildConfiguration;
			baseConfigurationReference = 84B248656AB5E195DB12CDE3 /* Pods-TrailBlaze.debug.xcconfig */;
			buildSettings = {
				ASSETCATALOG_COMPILER_APPICON_NAME = AppIcon;
				ASSETCATALOG_COMPILER_GLOBAL_ACCENT_COLOR_NAME = AccentColor;
				CLANG_ENABLE_MODULES = YES;
				CODE_SIGN_STYLE = Automatic;
				CURRENT_PROJECT_VERSION = 1;
				DEVELOPMENT_TEAM = 37QBJHTCRH;
				GENERATE_INFOPLIST_FILE = YES;
				HEADER_SEARCH_PATHS = (
					"$(inherited)/**",
					"\"${PODS_CONFIGURATION_BUILD_DIR}/AFNetworking/AFNetworking.framework/Headers\"",
					"\"${PODS_CONFIGURATION_BUILD_DIR}/Bolts-Swift/BoltsSwift.framework/Headers\"",
					"\"${PODS_CONFIGURATION_BUILD_DIR}/Bolts/Bolts.framework/Headers\"",
					"\"${PODS_CONFIGURATION_BUILD_DIR}/DateTools/DateTools.framework/Headers\"",
					"\"${PODS_CONFIGURATION_BUILD_DIR}/\"/**",
					"\"${PODS_CONFIGURATION_BUILD_DIR}/NVActivityIndicatorView/NVActivityIndicatorView.framework/Headers\"",
					"\"${PODS_CONFIGURATION_BUILD_DIR}/Parse/Parse.framework/Headers\"",
					"\"${PODS_CONFIGURATION_BUILD_DIR}/ParseLiveQuery/ParseLiveQuery.framework/Headers\"",
					"\"${PODS_CONFIGURATION_BUILD_DIR}/Starscream/Starscream.framework/Headers\"",
				);
				INFOPLIST_FILE = TrailBlaze/Info.plist;
				INFOPLIST_KEY_NSCameraUsageDescription = "";
				INFOPLIST_KEY_NSLocationAlwaysAndWhenInUseUsageDescription = "";
				INFOPLIST_KEY_NSLocationAlwaysUsageDescription = "We need access to your location to set a run start point";
				INFOPLIST_KEY_NSLocationWhenInUseUsageDescription = "We need access to your location to set a run start point";
				INFOPLIST_KEY_NSMotionUsageDescription = "This app requires access to your Motion Data";
				INFOPLIST_KEY_NSPhotoLibraryUsageDescription = "";
				INFOPLIST_KEY_UIApplicationSupportsIndirectInputEvents = YES;
				INFOPLIST_KEY_UILaunchStoryboardName = LaunchScreen;
				INFOPLIST_KEY_UIMainStoryboardFile = Main;
				INFOPLIST_KEY_UISupportedInterfaceOrientations_iPad = "UIInterfaceOrientationPortrait UIInterfaceOrientationPortraitUpsideDown UIInterfaceOrientationLandscapeLeft UIInterfaceOrientationLandscapeRight";
				INFOPLIST_KEY_UISupportedInterfaceOrientations_iPhone = "UIInterfaceOrientationPortrait UIInterfaceOrientationLandscapeLeft UIInterfaceOrientationLandscapeRight";
				IPHONEOS_DEPLOYMENT_TARGET = 15.4;
				LD_RUNPATH_SEARCH_PATHS = (
					"$(inherited)",
					"@executable_path/Frameworks",
				);
				MARKETING_VERSION = 1.0;
				PRODUCT_BUNDLE_IDENTIFIER = com.rhomboic.TrailBlaze;
				PRODUCT_NAME = "$(TARGET_NAME)";
				SWIFT_EMIT_LOC_STRINGS = YES;
				SWIFT_OBJC_BRIDGING_HEADER = "TrailBlaze/Objects/TrailBlaze-Bridging-Header.h";
				SWIFT_OPTIMIZATION_LEVEL = "-Onone";
				SWIFT_VERSION = 5.0;
				TARGETED_DEVICE_FAMILY = "1,2";
			};
			name = Debug;
		};
		4EE674EE2866D6C900A93C15 /* Release */ = {
			isa = XCBuildConfiguration;
			baseConfigurationReference = 4E6BD31F585E1E0A201FB7F8 /* Pods-TrailBlaze.release.xcconfig */;
			buildSettings = {
				ASSETCATALOG_COMPILER_APPICON_NAME = AppIcon;
				ASSETCATALOG_COMPILER_GLOBAL_ACCENT_COLOR_NAME = AccentColor;
				CLANG_ENABLE_MODULES = YES;
				CODE_SIGN_STYLE = Automatic;
				CURRENT_PROJECT_VERSION = 1;
				DEVELOPMENT_TEAM = 37QBJHTCRH;
				GENERATE_INFOPLIST_FILE = YES;
				HEADER_SEARCH_PATHS = (
					"$(inherited)/**",
					"\"${PODS_CONFIGURATION_BUILD_DIR}/AFNetworking/AFNetworking.framework/Headers\"",
					"\"${PODS_CONFIGURATION_BUILD_DIR}/Bolts-Swift/BoltsSwift.framework/Headers\"",
					"\"${PODS_CONFIGURATION_BUILD_DIR}/Bolts/Bolts.framework/Headers\"",
					"\"${PODS_CONFIGURATION_BUILD_DIR}/DateTools/DateTools.framework/Headers\"",
					"\"${PODS_CONFIGURATION_BUILD_DIR}/\"/**",
					"\"${PODS_CONFIGURATION_BUILD_DIR}/NVActivityIndicatorView/NVActivityIndicatorView.framework/Headers\"",
					"\"${PODS_CONFIGURATION_BUILD_DIR}/Parse/Parse.framework/Headers\"",
					"\"${PODS_CONFIGURATION_BUILD_DIR}/ParseLiveQuery/ParseLiveQuery.framework/Headers\"",
					"\"${PODS_CONFIGURATION_BUILD_DIR}/Starscream/Starscream.framework/Headers\"",
				);
				INFOPLIST_FILE = TrailBlaze/Info.plist;
				INFOPLIST_KEY_NSCameraUsageDescription = "";
				INFOPLIST_KEY_NSLocationAlwaysAndWhenInUseUsageDescription = "";
				INFOPLIST_KEY_NSLocationAlwaysUsageDescription = "We need access to your location to set a run start point";
				INFOPLIST_KEY_NSLocationWhenInUseUsageDescription = "We need access to your location to set a run start point";
				INFOPLIST_KEY_NSMotionUsageDescription = "This app requires access to your Motion Data";
				INFOPLIST_KEY_NSPhotoLibraryUsageDescription = "";
				INFOPLIST_KEY_UIApplicationSupportsIndirectInputEvents = YES;
				INFOPLIST_KEY_UILaunchStoryboardName = LaunchScreen;
				INFOPLIST_KEY_UIMainStoryboardFile = Main;
				INFOPLIST_KEY_UISupportedInterfaceOrientations_iPad = "UIInterfaceOrientationPortrait UIInterfaceOrientationPortraitUpsideDown UIInterfaceOrientationLandscapeLeft UIInterfaceOrientationLandscapeRight";
				INFOPLIST_KEY_UISupportedInterfaceOrientations_iPhone = "UIInterfaceOrientationPortrait UIInterfaceOrientationLandscapeLeft UIInterfaceOrientationLandscapeRight";
				IPHONEOS_DEPLOYMENT_TARGET = 15.4;
				LD_RUNPATH_SEARCH_PATHS = (
					"$(inherited)",
					"@executable_path/Frameworks",
				);
				MARKETING_VERSION = 1.0;
				PRODUCT_BUNDLE_IDENTIFIER = com.rhomboic.TrailBlaze;
				PRODUCT_NAME = "$(TARGET_NAME)";
				SWIFT_EMIT_LOC_STRINGS = YES;
				SWIFT_OBJC_BRIDGING_HEADER = "TrailBlaze/Objects/TrailBlaze-Bridging-Header.h";
				SWIFT_VERSION = 5.0;
				TARGETED_DEVICE_FAMILY = "1,2";
			};
			name = Release;
		};
		4EE674F02866D6C900A93C15 /* Debug */ = {
			isa = XCBuildConfiguration;
			baseConfigurationReference = 2B508F8BD64314AE3DE51636 /* Pods-TrailBlazeTests.debug.xcconfig */;
			buildSettings = {
				BUNDLE_LOADER = "$(TEST_HOST)";
				CODE_SIGN_STYLE = Automatic;
				CURRENT_PROJECT_VERSION = 1;
				DEVELOPMENT_TEAM = 37QBJHTCRH;
				GENERATE_INFOPLIST_FILE = YES;
				IPHONEOS_DEPLOYMENT_TARGET = 15.5;
				MARKETING_VERSION = 1.0;
				PRODUCT_BUNDLE_IDENTIFIER = com.rhomboic.TrailBlazeTests;
				PRODUCT_NAME = "$(TARGET_NAME)";
				SWIFT_EMIT_LOC_STRINGS = NO;
				TARGETED_DEVICE_FAMILY = "1,2";
				TEST_HOST = "$(BUILT_PRODUCTS_DIR)/TrailBlaze.app/TrailBlaze";
			};
			name = Debug;
		};
		4EE674F12866D6C900A93C15 /* Release */ = {
			isa = XCBuildConfiguration;
			baseConfigurationReference = AD049837B680A13AF32C04D3 /* Pods-TrailBlazeTests.release.xcconfig */;
			buildSettings = {
				BUNDLE_LOADER = "$(TEST_HOST)";
				CODE_SIGN_STYLE = Automatic;
				CURRENT_PROJECT_VERSION = 1;
				DEVELOPMENT_TEAM = 37QBJHTCRH;
				GENERATE_INFOPLIST_FILE = YES;
				IPHONEOS_DEPLOYMENT_TARGET = 15.5;
				MARKETING_VERSION = 1.0;
				PRODUCT_BUNDLE_IDENTIFIER = com.rhomboic.TrailBlazeTests;
				PRODUCT_NAME = "$(TARGET_NAME)";
				SWIFT_EMIT_LOC_STRINGS = NO;
				TARGETED_DEVICE_FAMILY = "1,2";
				TEST_HOST = "$(BUILT_PRODUCTS_DIR)/TrailBlaze.app/TrailBlaze";
			};
			name = Release;
		};
		4EE674F32866D6C900A93C15 /* Debug */ = {
			isa = XCBuildConfiguration;
			baseConfigurationReference = CD6D6576143943736A833A66 /* Pods-TrailBlaze-TrailBlazeUITests.debug.xcconfig */;
			buildSettings = {
				CODE_SIGN_STYLE = Automatic;
				CURRENT_PROJECT_VERSION = 1;
				DEVELOPMENT_TEAM = 37QBJHTCRH;
				GENERATE_INFOPLIST_FILE = YES;
				MARKETING_VERSION = 1.0;
				PRODUCT_BUNDLE_IDENTIFIER = com.rhomboic.TrailBlazeUITests;
				PRODUCT_NAME = "$(TARGET_NAME)";
				SWIFT_EMIT_LOC_STRINGS = NO;
				TARGETED_DEVICE_FAMILY = "1,2";
				TEST_TARGET_NAME = TrailBlaze;
			};
			name = Debug;
		};
		4EE674F42866D6C900A93C15 /* Release */ = {
			isa = XCBuildConfiguration;
			baseConfigurationReference = 3E953E4347D732BD1B596D6A /* Pods-TrailBlaze-TrailBlazeUITests.release.xcconfig */;
			buildSettings = {
				CODE_SIGN_STYLE = Automatic;
				CURRENT_PROJECT_VERSION = 1;
				DEVELOPMENT_TEAM = 37QBJHTCRH;
				GENERATE_INFOPLIST_FILE = YES;
				MARKETING_VERSION = 1.0;
				PRODUCT_BUNDLE_IDENTIFIER = com.rhomboic.TrailBlazeUITests;
				PRODUCT_NAME = "$(TARGET_NAME)";
				SWIFT_EMIT_LOC_STRINGS = NO;
				TARGETED_DEVICE_FAMILY = "1,2";
				TEST_TARGET_NAME = TrailBlaze;
			};
			name = Release;
		};
/* End XCBuildConfiguration section */

/* Begin XCConfigurationList section */
		4EE674B82866D6C800A93C15 /* Build configuration list for PBXProject "TrailBlaze" */ = {
			isa = XCConfigurationList;
			buildConfigurations = (
				4EE674EA2866D6C900A93C15 /* Debug */,
				4EE674EB2866D6C900A93C15 /* Release */,
			);
			defaultConfigurationIsVisible = 0;
			defaultConfigurationName = Release;
		};
		4EE674EC2866D6C900A93C15 /* Build configuration list for PBXNativeTarget "TrailBlaze" */ = {
			isa = XCConfigurationList;
			buildConfigurations = (
				4EE674ED2866D6C900A93C15 /* Debug */,
				4EE674EE2866D6C900A93C15 /* Release */,
			);
			defaultConfigurationIsVisible = 0;
			defaultConfigurationName = Release;
		};
		4EE674EF2866D6C900A93C15 /* Build configuration list for PBXNativeTarget "TrailBlazeTests" */ = {
			isa = XCConfigurationList;
			buildConfigurations = (
				4EE674F02866D6C900A93C15 /* Debug */,
				4EE674F12866D6C900A93C15 /* Release */,
			);
			defaultConfigurationIsVisible = 0;
			defaultConfigurationName = Release;
		};
		4EE674F22866D6C900A93C15 /* Build configuration list for PBXNativeTarget "TrailBlazeUITests" */ = {
			isa = XCConfigurationList;
			buildConfigurations = (
				4EE674F32866D6C900A93C15 /* Debug */,
				4EE674F42866D6C900A93C15 /* Release */,
			);
			defaultConfigurationIsVisible = 0;
			defaultConfigurationName = Release;
		};
/* End XCConfigurationList section */
	};
	rootObject = 4EE674B52866D6C800A93C15 /* Project object */;
}
